
Microsoft Visual Studio Solution File, Format Version 12.00
# Visual Studio Version 17
VisualStudioVersion = 17.3.32811.315
MinimumVisualStudioVersion = 10.0.40219.1
Project("{FAE04EC0-301F-11D3-BF4B-00C04F79EFBC}") = "QRCoder", "QRCoder\QRCoder.csproj", "{EB6D1873-BDA9-4CD1-A614-62D257A8A4AF}"
EndProject
Global
	GlobalSection(SolutionConfigurationPlatforms) = preSolution
		Debug|Any CPU = Debug|Any CPU
		Release|Any CPU = Release|Any CPU
	EndGlobalSection
	GlobalSection(ProjectConfigurationPlatforms) = postSolution
		{EB6D1873-BDA9-4CD1-A614-62D257A8A4AF}.Debug|Any CPU.ActiveCfg = Debug|Any CPU
		{EB6D1873-BDA9-4CD1-A614-62D257A8A4AF}.Debug|Any CPU.Build.0 = Debug|Any CPU
		{EB6D1873-BDA9-4CD1-A614-62D257A8A4AF}.Release|Any CPU.ActiveCfg = Release|Any CPU
		{EB6D1873-BDA9-4CD1-A614-62D257A8A4AF}.Release|Any CPU.Build.0 = Release|Any CPU
	EndGlobalSection
	GlobalSection(SolutionProperties) = preSolution
		HideSolutionNode = FALSE
	EndGlobalSection
	GlobalSection(ExtensibilityGlobals) = postSolution
		SolutionGuid = {79E6CA16-C35D-4C47-ABE1-980D7E8FE881}
	EndGlobalSection
EndGlobal
